
Microsoft Visual Studio Solution File, Format Version 12.00
# Visual Studio Version 17
VisualStudioVersion = 17.14.36203.30 d17.14
MinimumVisualStudioVersion = 10.0.40219.1
Project("{FAE04EC0-301F-11D3-BF4B-00C04F79EFBC}") = "NextTest", "NextTest.csproj", "{2565A5C9-7C8E-471D-8DC9-4E36FA95CEB0}"
EndProject
Global
	GlobalSection(SolutionConfigurationPlatforms) = preSolution
		Debug|Any CPU = Debug|Any CPU
		Release|Any CPU = Release|Any CPU
	EndGlobalSection
	GlobalSection(ProjectConfigurationPlatforms) = postSolution
		{2565A5C9-7C8E-471D-8DC9-4E36FA95CEB0}.Debug|Any CPU.ActiveCfg = Debug|Any CPU
		{2565A5C9-7C8E-471D-8DC9-4E36FA95CEB0}.Debug|Any CPU.Build.0 = Debug|Any CPU
		{2565A5C9-7C8E-471D-8DC9-4E36FA95CEB0}.Release|Any CPU.ActiveCfg = Release|Any CPU
		{2565A5C9-7C8E-471D-8DC9-4E36FA95CEB0}.Release|Any CPU.Build.0 = Release|Any CPU
	EndGlobalSection
	GlobalSection(SolutionProperties) = preSolution
		HideSolutionNode = FALSE
	EndGlobalSection
	GlobalSection(ExtensibilityGlobals) = postSolution
		SolutionGuid = {2753A25A-859F-4A54-9646-7E847CF6EE7C}
	EndGlobalSection
EndGlobal
